
Microsoft Visual Studio Solution File, Format Version 12.00
Project("{2150E333-8FDC-42A3-9474-1A3956D46DE8}") = "Src", "Src", "{D1335827-FE5D-45AE-B73F-F64BCB456610}"
EndProject
Project("{2150E333-8FDC-42A3-9474-1A3956D46DE8}") = "Frontend", "Frontend", "{29DCEF6E-6DC0-499D-A18B-154A7EB49E3E}"
EndProject
Project("{2150E333-8FDC-42A3-9474-1A3956D46DE8}") = "Auth", "Auth", "{B5555E40-5992-423F-815F-F3CCB2C356E4}"
EndProject
Project("{FAE04EC0-301F-11D3-BF4B-00C04F79EFBC}") = "WebForum.Main", "Src\WebForum.Main\WebForum.Main.csproj", "{DF1E37B8-80C8-4D6A-929B-0DC23F203724}"
EndProject
Project("{FAE04EC0-301F-11D3-BF4B-00C04F79EFBC}") = "WebForum.Auth.Api", "Src\Auth\WebForum.Auth.Api\WebForum.Auth.Api.csproj", "{206D6B37-5DB0-48C3-9F34-3D8A2EAD983B}"
EndProject
Project("{FAE04EC0-301F-11D3-BF4B-00C04F79EFBC}") = "WebForum.Auth.Application", "Src\Auth\WebForum.Auth.Application\WebForum.Auth.Application.csproj", "{BD298598-5170-4BFA-8893-DBCA519757C4}"
EndProject
Project("{FAE04EC0-301F-11D3-BF4B-00C04F79EFBC}") = "WebForum.Auth.Domain", "Src\Auth\WebForum.Auth.Domain\WebForum.Auth.Domain.csproj", "{C4FA9D24-76A0-4A89-997B-62BE2570899E}"
EndProject
Project("{FAE04EC0-301F-11D3-BF4B-00C04F79EFBC}") = "WebForum.Auth.Infrastructure", "Src\Auth\WebForum.Auth.Infrastructure\WebForum.Auth.Infrastructure.csproj", "{623631E2-53BF-4762-BE13-70AFE58A0688}"
EndProject
Project("{FAE04EC0-301F-11D3-BF4B-00C04F79EFBC}") = "WebForum.Frontend", "Src\Frontend\WebForum.Frontend\WebForum.Frontend.csproj", "{D999AF5D-1BD0-4395-B344-DE110781D040}"
EndProject
Global
	GlobalSection(SolutionConfigurationPlatforms) = preSolution
		Debug|Any CPU = Debug|Any CPU
		Release|Any CPU = Release|Any CPU
	EndGlobalSection
	GlobalSection(NestedProjects) = preSolution
		{29DCEF6E-6DC0-499D-A18B-154A7EB49E3E} = {D1335827-FE5D-45AE-B73F-F64BCB456610}
		{B5555E40-5992-423F-815F-F3CCB2C356E4} = {D1335827-FE5D-45AE-B73F-F64BCB456610}
		{DF1E37B8-80C8-4D6A-929B-0DC23F203724} = {D1335827-FE5D-45AE-B73F-F64BCB456610}
		{206D6B37-5DB0-48C3-9F34-3D8A2EAD983B} = {B5555E40-5992-423F-815F-F3CCB2C356E4}
		{BD298598-5170-4BFA-8893-DBCA519757C4} = {B5555E40-5992-423F-815F-F3CCB2C356E4}
		{C4FA9D24-76A0-4A89-997B-62BE2570899E} = {B5555E40-5992-423F-815F-F3CCB2C356E4}
		{623631E2-53BF-4762-BE13-70AFE58A0688} = {B5555E40-5992-423F-815F-F3CCB2C356E4}
		{D999AF5D-1BD0-4395-B344-DE110781D040} = {29DCEF6E-6DC0-499D-A18B-154A7EB49E3E}
	EndGlobalSection
	GlobalSection(ProjectConfigurationPlatforms) = postSolution
		{DF1E37B8-80C8-4D6A-929B-0DC23F203724}.Debug|Any CPU.ActiveCfg = Debug|Any CPU
		{DF1E37B8-80C8-4D6A-929B-0DC23F203724}.Debug|Any CPU.Build.0 = Debug|Any CPU
		{DF1E37B8-80C8-4D6A-929B-0DC23F203724}.Release|Any CPU.ActiveCfg = Release|Any CPU
		{DF1E37B8-80C8-4D6A-929B-0DC23F203724}.Release|Any CPU.Build.0 = Release|Any CPU
		{206D6B37-5DB0-48C3-9F34-3D8A2EAD983B}.Debug|Any CPU.ActiveCfg = Debug|Any CPU
		{206D6B37-5DB0-48C3-9F34-3D8A2EAD983B}.Debug|Any CPU.Build.0 = Debug|Any CPU
		{206D6B37-5DB0-48C3-9F34-3D8A2EAD983B}.Release|Any CPU.ActiveCfg = Release|Any CPU
		{206D6B37-5DB0-48C3-9F34-3D8A2EAD983B}.Release|Any CPU.Build.0 = Release|Any CPU
		{BD298598-5170-4BFA-8893-DBCA519757C4}.Debug|Any CPU.ActiveCfg = Debug|Any CPU
		{BD298598-5170-4BFA-8893-DBCA519757C4}.Debug|Any CPU.Build.0 = Debug|Any CPU
		{BD298598-5170-4BFA-8893-DBCA519757C4}.Release|Any CPU.ActiveCfg = Release|Any CPU
		{BD298598-5170-4BFA-8893-DBCA519757C4}.Release|Any CPU.Build.0 = Release|Any CPU
		{C4FA9D24-76A0-4A89-997B-62BE2570899E}.Debug|Any CPU.ActiveCfg = Debug|Any CPU
		{C4FA9D24-76A0-4A89-997B-62BE2570899E}.Debug|Any CPU.Build.0 = Debug|Any CPU
		{C4FA9D24-76A0-4A89-997B-62BE2570899E}.Release|Any CPU.ActiveCfg = Release|Any CPU
		{C4FA9D24-76A0-4A89-997B-62BE2570899E}.Release|Any CPU.Build.0 = Release|Any CPU
		{623631E2-53BF-4762-BE13-70AFE58A0688}.Debug|Any CPU.ActiveCfg = Debug|Any CPU
		{623631E2-53BF-4762-BE13-70AFE58A0688}.Debug|Any CPU.Build.0 = Debug|Any CPU
		{623631E2-53BF-4762-BE13-70AFE58A0688}.Release|Any CPU.ActiveCfg = Release|Any CPU
		{623631E2-53BF-4762-BE13-70AFE58A0688}.Release|Any CPU.Build.0 = Release|Any CPU
		{D999AF5D-1BD0-4395-B344-DE110781D040}.Debug|Any CPU.ActiveCfg = Debug|Any CPU
		{D999AF5D-1BD0-4395-B344-DE110781D040}.Debug|Any CPU.Build.0 = Debug|Any CPU
		{D999AF5D-1BD0-4395-B344-DE110781D040}.Release|Any CPU.ActiveCfg = Release|Any CPU
		{D999AF5D-1BD0-4395-B344-DE110781D040}.Release|Any CPU.Build.0 = Release|Any CPU
	EndGlobalSection
EndGlobal
